
Microsoft Visual Studio Solution File, Format Version 12.00
# Visual Studio Version 17
VisualStudioVersion = 17.2.32526.322
MinimumVisualStudioVersion = 10.0.40219.1
Project("{FAE04EC0-301F-11D3-BF4B-00C04F79EFBC}") = "Aplicacion", "Aplicacion\Aplicacion.csproj", "{50477712-1138-4B4B-A239-9B025AE11D84}"
EndProject
Global
	GlobalSection(SolutionConfigurationPlatforms) = preSolution
		Debug|Any CPU = Debug|Any CPU
		Release|Any CPU = Release|Any CPU
	EndGlobalSection
	GlobalSection(ProjectConfigurationPlatforms) = postSolution
		{50477712-1138-4B4B-A239-9B025AE11D84}.Debug|Any CPU.ActiveCfg = Debug|Any CPU
		{50477712-1138-4B4B-A239-9B025AE11D84}.Debug|Any CPU.Build.0 = Debug|Any CPU
		{50477712-1138-4B4B-A239-9B025AE11D84}.Release|Any CPU.ActiveCfg = Release|Any CPU
		{50477712-1138-4B4B-A239-9B025AE11D84}.Release|Any CPU.Build.0 = Release|Any CPU
	EndGlobalSection
	GlobalSection(SolutionProperties) = preSolution
		HideSolutionNode = FALSE
	EndGlobalSection
	GlobalSection(ExtensibilityGlobals) = postSolution
		SolutionGuid = {4870D1E1-27BD-436D-8F63-AA3E6CF1760D}
	EndGlobalSection
EndGlobal
